{
  "lockfile_version": "1",
  "packages": {
    "python38": {
      "plugin_version": "0.0.3",
      "resolved": "github:NixOS/nixpkgs/75a52265bda7fd25e06e3a67dee3f0354e73243c#python38",
      "source": "nixpkg"
    },
    "python38Packages.pip": {
      "plugin_version": "0.0.2",
      "resolved": "github:NixOS/nixpkgs/75a52265bda7fd25e06e3a67dee3f0354e73243c#python38Packages.pip",
      "source": "nixpkg"
    }
  }
}
